
Microsoft Visual Studio Solution File, Format Version 12.00
# Visual Studio Version 16
VisualStudioVersion = 16.0.33927.289
MinimumVisualStudioVersion = 10.0.40219.1
Project("{FAE04EC0-301F-11D3-BF4B-00C04F79EFBC}") = "EMP", "EMP.csproj", "{3E5EE76F-1D3A-4B6B-9533-EEF9511862FC}"
EndProject
Global
	GlobalSection(SolutionConfigurationPlatforms) = preSolution
		Debug|Any CPU = Debug|Any CPU
		Release|Any CPU = Release|Any CPU
	EndGlobalSection
	GlobalSection(ProjectConfigurationPlatforms) = postSolution
		{3E5EE76F-1D3A-4B6B-9533-EEF9511862FC}.Debug|Any CPU.ActiveCfg = Debug|Any CPU
		{3E5EE76F-1D3A-4B6B-9533-EEF9511862FC}.Debug|Any CPU.Build.0 = Debug|Any CPU
		{3E5EE76F-1D3A-4B6B-9533-EEF9511862FC}.Release|Any CPU.ActiveCfg = Release|Any CPU
		{3E5EE76F-1D3A-4B6B-9533-EEF9511862FC}.Release|Any CPU.Build.0 = Release|Any CPU
	EndGlobalSection
	GlobalSection(SolutionProperties) = preSolution
		HideSolutionNode = FALSE
	EndGlobalSection
	GlobalSection(ExtensibilityGlobals) = postSolution
		SolutionGuid = {3B54CFA2-D8FB-490B-A65B-E689D3D8FB00}
	EndGlobalSection
EndGlobal
